
Microsoft Visual Studio Solution File, Format Version 12.00
# Visual Studio Version 17
VisualStudioVersion = 17.14.36623.8 d17.14
MinimumVisualStudioVersion = 10.0.40219.1
Project("{FAE04EC0-301F-11D3-BF4B-00C04F79EFBC}") = "IntroWebApiCore", "IntroWebApiCore\IntroWebApiCore.csproj", "{FC0DF2A5-F5A5-4671-8BDC-C27D082050E7}"
EndProject
Global
	GlobalSection(SolutionConfigurationPlatforms) = preSolution
		Debug|Any CPU = Debug|Any CPU
		Release|Any CPU = Release|Any CPU
	EndGlobalSection
	GlobalSection(ProjectConfigurationPlatforms) = postSolution
		{FC0DF2A5-F5A5-4671-8BDC-C27D082050E7}.Debug|Any CPU.ActiveCfg = Debug|Any CPU
		{FC0DF2A5-F5A5-4671-8BDC-C27D082050E7}.Debug|Any CPU.Build.0 = Debug|Any CPU
		{FC0DF2A5-F5A5-4671-8BDC-C27D082050E7}.Release|Any CPU.ActiveCfg = Release|Any CPU
		{FC0DF2A5-F5A5-4671-8BDC-C27D082050E7}.Release|Any CPU.Build.0 = Release|Any CPU
	EndGlobalSection
	GlobalSection(SolutionProperties) = preSolution
		HideSolutionNode = FALSE
	EndGlobalSection
	GlobalSection(ExtensibilityGlobals) = postSolution
		SolutionGuid = {EB820839-4612-432C-AFAA-2E12FDDF8B41}
	EndGlobalSection
EndGlobal
