
Microsoft Visual Studio Solution File, Format Version 12.00
# Visual Studio Version 17
VisualStudioVersion = 17.14.36623.8 d17.14
MinimumVisualStudioVersion = 10.0.40219.1
Project("{FAE04EC0-301F-11D3-BF4B-00C04F79EFBC}") = "Form Validation (Built in and custom both)", "Form Validation (Built in and custom both)\Form Validation (Built in and custom both).csproj", "{D235F98C-BCD3-4F18-B7EF-61B66F947E95}"
EndProject
Global
	GlobalSection(SolutionConfigurationPlatforms) = preSolution
		Debug|Any CPU = Debug|Any CPU
		Release|Any CPU = Release|Any CPU
	EndGlobalSection
	GlobalSection(ProjectConfigurationPlatforms) = postSolution
		{D235F98C-BCD3-4F18-B7EF-61B66F947E95}.Debug|Any CPU.ActiveCfg = Debug|Any CPU
		{D235F98C-BCD3-4F18-B7EF-61B66F947E95}.Debug|Any CPU.Build.0 = Debug|Any CPU
		{D235F98C-BCD3-4F18-B7EF-61B66F947E95}.Release|Any CPU.ActiveCfg = Release|Any CPU
		{D235F98C-BCD3-4F18-B7EF-61B66F947E95}.Release|Any CPU.Build.0 = Release|Any CPU
	EndGlobalSection
	GlobalSection(SolutionProperties) = preSolution
		HideSolutionNode = FALSE
	EndGlobalSection
	GlobalSection(ExtensibilityGlobals) = postSolution
		SolutionGuid = {41326CFD-59C6-4AB6-9FAD-699C2F4A3722}
	EndGlobalSection
EndGlobal
