
Microsoft Visual Studio Solution File, Format Version 12.00
# Visual Studio Version 17
VisualStudioVersion = 17.14.36623.8 d17.14
MinimumVisualStudioVersion = 10.0.40219.1
Project("{FAE04EC0-301F-11D3-BF4B-00C04F79EFBC}") = "Entity Framework", "Entity Framework\Entity Framework.csproj", "{786161F2-ADCC-401C-A269-61A3387493FA}"
EndProject
Global
	GlobalSection(SolutionConfigurationPlatforms) = preSolution
		Debug|Any CPU = Debug|Any CPU
		Release|Any CPU = Release|Any CPU
	EndGlobalSection
	GlobalSection(ProjectConfigurationPlatforms) = postSolution
		{786161F2-ADCC-401C-A269-61A3387493FA}.Debug|Any CPU.ActiveCfg = Debug|Any CPU
		{786161F2-ADCC-401C-A269-61A3387493FA}.Debug|Any CPU.Build.0 = Debug|Any CPU
		{786161F2-ADCC-401C-A269-61A3387493FA}.Release|Any CPU.ActiveCfg = Release|Any CPU
		{786161F2-ADCC-401C-A269-61A3387493FA}.Release|Any CPU.Build.0 = Release|Any CPU
	EndGlobalSection
	GlobalSection(SolutionProperties) = preSolution
		HideSolutionNode = FALSE
	EndGlobalSection
	GlobalSection(ExtensibilityGlobals) = postSolution
		SolutionGuid = {6211154D-1890-48F7-8B57-B9119E7E2418}
	EndGlobalSection
EndGlobal
